// !$*UTF8*$!
{
	archiveVersion = 1;
	classes = {
	};
	objectVersion = 50;
	objects = {

/* Begin PBXBuildFile section */
		1D611507157D2FBCF7D5B3B4 /* Pods_Crafts_Beer.framework in Frameworks */ = {isa = PBXBuildFile; fileRef = E1FC26338421BB063307C660 /* Pods_Crafts_Beer.framework */; };
		8FEAD90F723D6027AE883AA6 /* libPods-Crafts BeerTests.a in Frameworks */ = {isa = PBXBuildFile; fileRef = 663DC5DF68F4ED24726CB561 /* libPods-Crafts BeerTests.a */; };
		93C8E26620E73FC600BB9870 /* AppDelegate.swift in Sources */ = {isa = PBXBuildFile; fileRef = 93C8E26520E73FC600BB9870 /* AppDelegate.swift */; };
		93C8E26820E73FC600BB9870 /* ViewController.swift in Sources */ = {isa = PBXBuildFile; fileRef = 93C8E26720E73FC600BB9870 /* ViewController.swift */; };
		93C8E26B20E73FC600BB9870 /* Main.storyboard in Resources */ = {isa = PBXBuildFile; fileRef = 93C8E26920E73FC600BB9870 /* Main.storyboard */; };
		93C8E26E20E73FC600BB9870 /* Crafts_Beer.xcdatamodeld in Sources */ = {isa = PBXBuildFile; fileRef = 93C8E26C20E73FC600BB9870 /* Crafts_Beer.xcdatamodeld */; };
		93C8E27020E73FC800BB9870 /* Assets.xcassets in Resources */ = {isa = PBXBuildFile; fileRef = 93C8E26F20E73FC800BB9870 /* Assets.xcassets */; };
		93C8E27320E73FC800BB9870 /* LaunchScreen.storyboard in Resources */ = {isa = PBXBuildFile; fileRef = 93C8E27120E73FC800BB9870 /* LaunchScreen.storyboard */; };
		93C8E27E20E73FC800BB9870 /* Crafts_BeerTests.swift in Sources */ = {isa = PBXBuildFile; fileRef = 93C8E27D20E73FC800BB9870 /* Crafts_BeerTests.swift */; };
		93C8E28920E73FC800BB9870 /* Crafts_BeerUITests.swift in Sources */ = {isa = PBXBuildFile; fileRef = 93C8E28820E73FC800BB9870 /* Crafts_BeerUITests.swift */; };
		93C8E29920E749FE00BB9870 /* BeerListTableViewCell.swift in Sources */ = {isa = PBXBuildFile; fileRef = 93C8E29820E749FE00BB9870 /* BeerListTableViewCell.swift */; };
		93C8E29C20E74A2000BB9870 /* Beer.swift in Sources */ = {isa = PBXBuildFile; fileRef = 93C8E29B20E74A2000BB9870 /* Beer.swift */; };
		93C8E29F20E74FEF00BB9870 /* WebService.swift in Sources */ = {isa = PBXBuildFile; fileRef = 93C8E29E20E74FEF00BB9870 /* WebService.swift */; };
		93C8E2A220E7540E00BB9870 /* Theme.swift in Sources */ = {isa = PBXBuildFile; fileRef = 93C8E2A120E7540E00BB9870 /* Theme.swift */; };
		B5CA3845CA02507EB6F4F27B /* libPods-Crafts BeerUITests.a in Frameworks */ = {isa = PBXBuildFile; fileRef = 3652504677C243C0C766435D /* libPods-Crafts BeerUITests.a */; };
		D554F7D020E7976800E06363 /* SortView.xib in Resources */ = {isa = PBXBuildFile; fileRef = D554F7CF20E7976800E06363 /* SortView.xib */; };
		D554F7D320E7988500E06363 /* SortView.swift in Sources */ = {isa = PBXBuildFile; fileRef = D554F7D220E7988500E06363 /* SortView.swift */; };
		D554F7D520E7B72800E06363 /* FilterView.swift in Sources */ = {isa = PBXBuildFile; fileRef = D554F7D420E7B72800E06363 /* FilterView.swift */; };
		D554F7D720E7B73A00E06363 /* FilterView.xib in Resources */ = {isa = PBXBuildFile; fileRef = D554F7D620E7B73A00E06363 /* FilterView.xib */; };
		D554F7DA20E7CA6400E06363 /* CartViewController.swift in Sources */ = {isa = PBXBuildFile; fileRef = D554F7D920E7CA6400E06363 /* CartViewController.swift */; };
		D554F7E220E7DB8A00E06363 /* FilterTableViewCell.swift in Sources */ = {isa = PBXBuildFile; fileRef = D554F7E020E7DB8A00E06363 /* FilterTableViewCell.swift */; };
		D554F7E320E7DB8A00E06363 /* FilterTableViewCell.xib in Resources */ = {isa = PBXBuildFile; fileRef = D554F7E120E7DB8A00E06363 /* FilterTableViewCell.xib */; };
/* End PBXBuildFile section */

/* Begin PBXContainerItemProxy section */
		93C8E27A20E73FC800BB9870 /* PBXContainerItemProxy */ = {
			isa = PBXContainerItemProxy;
			containerPortal = 93C8E25A20E73FC600BB9870 /* Project object */;
			proxyType = 1;
			remoteGlobalIDString = 93C8E26120E73FC600BB9870;
			remoteInfo = "Crafts Beer";
		};
		93C8E28520E73FC800BB9870 /* PBXContainerItemProxy */ = {
			isa = PBXContainerItemProxy;
			containerPortal = 93C8E25A20E73FC600BB9870 /* Project object */;
			proxyType = 1;
			remoteGlobalIDString = 93C8E26120E73FC600BB9870;
			remoteInfo = "Crafts Beer";
		};
/* End PBXContainerItemProxy section */

/* Begin PBXFileReference section */
		15D67F94C8A561607B1DABBB /* Pods-Crafts BeerTests.release.xcconfig */ = {isa = PBXFileReference; includeInIndex = 1; lastKnownFileType = text.xcconfig; name = "Pods-Crafts BeerTests.release.xcconfig"; path = "Pods/Target Support Files/Pods-Crafts BeerTests/Pods-Crafts BeerTests.release.xcconfig"; sourceTree = "<group>"; };
		29923C3BEC5FE4BA0A5B5B18 /* Pods-Crafts BeerTests.debug.xcconfig */ = {isa = PBXFileReference; includeInIndex = 1; lastKnownFileType = text.xcconfig; name = "Pods-Crafts BeerTests.debug.xcconfig"; path = "Pods/Target Support Files/Pods-Crafts BeerTests/Pods-Crafts BeerTests.debug.xcconfig"; sourceTree = "<group>"; };
		3652504677C243C0C766435D /* libPods-Crafts BeerUITests.a */ = {isa = PBXFileReference; explicitFileType = archive.ar; includeInIndex = 0; path = "libPods-Crafts BeerUITests.a"; sourceTree = BUILT_PRODUCTS_DIR; };
		663DC5DF68F4ED24726CB561 /* libPods-Crafts BeerTests.a */ = {isa = PBXFileReference; explicitFileType = archive.ar; includeInIndex = 0; path = "libPods-Crafts BeerTests.a"; sourceTree = BUILT_PRODUCTS_DIR; };
		901BE5C50AC7930660817A17 /* Pods-Crafts Beer.debug.xcconfig */ = {isa = PBXFileReference; includeInIndex = 1; lastKnownFileType = text.xcconfig; name = "Pods-Crafts Beer.debug.xcconfig"; path = "Pods/Target Support Files/Pods-Crafts Beer/Pods-Crafts Beer.debug.xcconfig"; sourceTree = "<group>"; };
		93C8E26220E73FC600BB9870 /* Crafts Beer.app */ = {isa = PBXFileReference; explicitFileType = wrapper.application; includeInIndex = 0; path = "Crafts Beer.app"; sourceTree = BUILT_PRODUCTS_DIR; };
		93C8E26520E73FC600BB9870 /* AppDelegate.swift */ = {isa = PBXFileReference; lastKnownFileType = sourcecode.swift; path = AppDelegate.swift; sourceTree = "<group>"; };
		93C8E26720E73FC600BB9870 /* ViewController.swift */ = {isa = PBXFileReference; lastKnownFileType = sourcecode.swift; path = ViewController.swift; sourceTree = "<group>"; };
		93C8E26A20E73FC600BB9870 /* Base */ = {isa = PBXFileReference; lastKnownFileType = file.storyboard; name = Base; path = Base.lproj/Main.storyboard; sourceTree = "<group>"; };
		93C8E26D20E73FC600BB9870 /* Crafts_Beer.xcdatamodel */ = {isa = PBXFileReference; lastKnownFileType = wrapper.xcdatamodel; path = Crafts_Beer.xcdatamodel; sourceTree = "<group>"; };
		93C8E26F20E73FC800BB9870 /* Assets.xcassets */ = {isa = PBXFileReference; lastKnownFileType = folder.assetcatalog; path = Assets.xcassets; sourceTree = "<group>"; };
		93C8E27220E73FC800BB9870 /* Base */ = {isa = PBXFileReference; lastKnownFileType = file.storyboard; name = Base; path = Base.lproj/LaunchScreen.storyboard; sourceTree = "<group>"; };
		93C8E27420E73FC800BB9870 /* Info.plist */ = {isa = PBXFileReference; lastKnownFileType = text.plist.xml; path = Info.plist; sourceTree = "<group>"; };
		93C8E27920E73FC800BB9870 /* Crafts BeerTests.xctest */ = {isa = PBXFileReference; explicitFileType = wrapper.cfbundle; includeInIndex = 0; path = "Crafts BeerTests.xctest"; sourceTree = BUILT_PRODUCTS_DIR; };
		93C8E27D20E73FC800BB9870 /* Crafts_BeerTests.swift */ = {isa = PBXFileReference; lastKnownFileType = sourcecode.swift; path = Crafts_BeerTests.swift; sourceTree = "<group>"; };
		93C8E27F20E73FC800BB9870 /* Info.plist */ = {isa = PBXFileReference; lastKnownFileType = text.plist.xml; path = Info.plist; sourceTree = "<group>"; };
		93C8E28420E73FC800BB9870 /* Crafts BeerUITests.xctest */ = {isa = PBXFileReference; explicitFileType = wrapper.cfbundle; includeInIndex = 0; path = "Crafts BeerUITests.xctest"; sourceTree = BUILT_PRODUCTS_DIR; };
		93C8E28820E73FC800BB9870 /* Crafts_BeerUITests.swift */ = {isa = PBXFileReference; lastKnownFileType = sourcecode.swift; path = Crafts_BeerUITests.swift; sourceTree = "<group>"; };
		93C8E28A20E73FC800BB9870 /* Info.plist */ = {isa = PBXFileReference; lastKnownFileType = text.plist.xml; path = Info.plist; sourceTree = "<group>"; };
		93C8E29820E749FE00BB9870 /* BeerListTableViewCell.swift */ = {isa = PBXFileReference; lastKnownFileType = sourcecode.swift; path = BeerListTableViewCell.swift; sourceTree = "<group>"; };
		93C8E29B20E74A2000BB9870 /* Beer.swift */ = {isa = PBXFileReference; lastKnownFileType = sourcecode.swift; path = Beer.swift; sourceTree = "<group>"; };
		93C8E29E20E74FEF00BB9870 /* WebService.swift */ = {isa = PBXFileReference; lastKnownFileType = sourcecode.swift; path = WebService.swift; sourceTree = "<group>"; };
		93C8E2A120E7540E00BB9870 /* Theme.swift */ = {isa = PBXFileReference; lastKnownFileType = sourcecode.swift; path = Theme.swift; sourceTree = "<group>"; };
		CC881620C61FA81D8F40527A /* Pods-Crafts Beer.release.xcconfig */ = {isa = PBXFileReference; includeInIndex = 1; lastKnownFileType = text.xcconfig; name = "Pods-Crafts Beer.release.xcconfig"; path = "Pods/Target Support Files/Pods-Crafts Beer/Pods-Crafts Beer.release.xcconfig"; sourceTree = "<group>"; };
		D554F7CF20E7976800E06363 /* SortView.xib */ = {isa = PBXFileReference; lastKnownFileType = file.xib; path = SortView.xib; sourceTree = "<group>"; };
		D554F7D220E7988500E06363 /* SortView.swift */ = {isa = PBXFileReference; lastKnownFileType = sourcecode.swift; path = SortView.swift; sourceTree = "<group>"; };
		D554F7D420E7B72800E06363 /* FilterView.swift */ = {isa = PBXFileReference; lastKnownFileType = sourcecode.swift; path = FilterView.swift; sourceTree = "<group>"; };
		D554F7D620E7B73A00E06363 /* FilterView.xib */ = {isa = PBXFileReference; lastKnownFileType = file.xib; path = FilterView.xib; sourceTree = "<group>"; };
		D554F7D920E7CA6400E06363 /* CartViewController.swift */ = {isa = PBXFileReference; lastKnownFileType = sourcecode.swift; path = CartViewController.swift; sourceTree = "<group>"; };
		D554F7E020E7DB8A00E06363 /* FilterTableViewCell.swift */ = {isa = PBXFileReference; lastKnownFileType = sourcecode.swift; path = FilterTableViewCell.swift; sourceTree = "<group>"; };
		D554F7E120E7DB8A00E06363 /* FilterTableViewCell.xib */ = {isa = PBXFileReference; lastKnownFileType = file.xib; path = FilterTableViewCell.xib; sourceTree = "<group>"; };
		E1FC26338421BB063307C660 /* Pods_Crafts_Beer.framework */ = {isa = PBXFileReference; explicitFileType = wrapper.framework; includeInIndex = 0; path = Pods_Crafts_Beer.framework; sourceTree = BUILT_PRODUCTS_DIR; };
		F5FA283397E353958FCA0333 /* Pods-Crafts BeerUITests.debug.xcconfig */ = {isa = PBXFileReference; includeInIndex = 1; lastKnownFileType = text.xcconfig; name = "Pods-Crafts BeerUITests.debug.xcconfig"; path = "Pods/Target Support Files/Pods-Crafts BeerUITests/Pods-Crafts BeerUITests.debug.xcconfig"; sourceTree = "<group>"; };
		F7AD919F83497CE5AC4FEAAF /* Pods-Crafts BeerUITests.release.xcconfig */ = {isa = PBXFileReference; includeInIndex = 1; lastKnownFileType = text.xcconfig; name = "Pods-Crafts BeerUITests.release.xcconfig"; path = "Pods/Target Support Files/Pods-Crafts BeerUITests/Pods-Crafts BeerUITests.release.xcconfig"; sourceTree = "<group>"; };
/* End PBXFileReference section */

/* Begin PBXFrameworksBuildPhase section */
		93C8E25F20E73FC600BB9870 /* Frameworks */ = {
			isa = PBXFrameworksBuildPhase;
			buildActionMask = 2147483647;
			files = (
				1D611507157D2FBCF7D5B3B4 /* Pods_Crafts_Beer.framework in Frameworks */,
			);
			runOnlyForDeploymentPostprocessing = 0;
		};
		93C8E27620E73FC800BB9870 /* Frameworks */ = {
			isa = PBXFrameworksBuildPhase;
			buildActionMask = 2147483647;
			files = (
				8FEAD90F723D6027AE883AA6 /* libPods-Crafts BeerTests.a in Frameworks */,
			);
			runOnlyForDeploymentPostprocessing = 0;
		};
		93C8E28120E73FC800BB9870 /* Frameworks */ = {
			isa = PBXFrameworksBuildPhase;
			buildActionMask = 2147483647;
			files = (
				B5CA3845CA02507EB6F4F27B /* libPods-Crafts BeerUITests.a in Frameworks */,
			);
			runOnlyForDeploymentPostprocessing = 0;
		};
/* End PBXFrameworksBuildPhase section */

/* Begin PBXGroup section */
		34BB5FAD2AC8DF7DBBDE532F /* Pods */ = {
			isa = PBXGroup;
			children = (
				901BE5C50AC7930660817A17 /* Pods-Crafts Beer.debug.xcconfig */,
				CC881620C61FA81D8F40527A /* Pods-Crafts Beer.release.xcconfig */,
				29923C3BEC5FE4BA0A5B5B18 /* Pods-Crafts BeerTests.debug.xcconfig */,
				15D67F94C8A561607B1DABBB /* Pods-Crafts BeerTests.release.xcconfig */,
				F5FA283397E353958FCA0333 /* Pods-Crafts BeerUITests.debug.xcconfig */,
				F7AD919F83497CE5AC4FEAAF /* Pods-Crafts BeerUITests.release.xcconfig */,
			);
			name = Pods;
			sourceTree = "<group>";
		};
		93C8E25920E73FC600BB9870 = {
			isa = PBXGroup;
			children = (
				93C8E26420E73FC600BB9870 /* Crafts Beer */,
				93C8E27C20E73FC800BB9870 /* Crafts BeerTests */,
				93C8E28720E73FC800BB9870 /* Crafts BeerUITests */,
				93C8E26320E73FC600BB9870 /* Products */,
				34BB5FAD2AC8DF7DBBDE532F /* Pods */,
				A9520DD9352DB1F9694E74B5 /* Frameworks */,
			);
			sourceTree = "<group>";
		};
		93C8E26320E73FC600BB9870 /* Products */ = {
			isa = PBXGroup;
			children = (
				93C8E26220E73FC600BB9870 /* Crafts Beer.app */,
				93C8E27920E73FC800BB9870 /* Crafts BeerTests.xctest */,
				93C8E28420E73FC800BB9870 /* Crafts BeerUITests.xctest */,
			);
			name = Products;
			sourceTree = "<group>";
		};
		93C8E26420E73FC600BB9870 /* Crafts Beer */ = {
			isa = PBXGroup;
			children = (
				D554F7DD20E7D61A00E06363 /* Delegate */,
				93C8E29620E7490900BB9870 /* BeerList */,
				D554F7DB20E7CA6800E06363 /* Cart */,
				93C8E2A020E74FF700BB9870 /* Service */,
				D554F7D120E7986700E06363 /* SortView */,
				93C8E2A320E7541900BB9870 /* Utils */,
				D554F7D820E7B74500E06363 /* Filter */,
				93C8E26920E73FC600BB9870 /* Main.storyboard */,
				93C8E26F20E73FC800BB9870 /* Assets.xcassets */,
				93C8E27120E73FC800BB9870 /* LaunchScreen.storyboard */,
				93C8E27420E73FC800BB9870 /* Info.plist */,
				93C8E26C20E73FC600BB9870 /* Crafts_Beer.xcdatamodeld */,
			);
			path = "Crafts Beer";
			sourceTree = "<group>";
		};
		93C8E27C20E73FC800BB9870 /* Crafts BeerTests */ = {
			isa = PBXGroup;
			children = (
				93C8E27D20E73FC800BB9870 /* Crafts_BeerTests.swift */,
				93C8E27F20E73FC800BB9870 /* Info.plist */,
			);
			path = "Crafts BeerTests";
			sourceTree = "<group>";
		};
		93C8E28720E73FC800BB9870 /* Crafts BeerUITests */ = {
			isa = PBXGroup;
			children = (
				93C8E28820E73FC800BB9870 /* Crafts_BeerUITests.swift */,
				93C8E28A20E73FC800BB9870 /* Info.plist */,
			);
			path = "Crafts BeerUITests";
			sourceTree = "<group>";
		};
		93C8E29620E7490900BB9870 /* BeerList */ = {
			isa = PBXGroup;
			children = (
				93C8E29720E7491B00BB9870 /* Controller */,
				93C8E29A20E74A0300BB9870 /* View */,
				93C8E29D20E74A2600BB9870 /* Model */,
			);
			path = BeerList;
			sourceTree = "<group>";
		};
		93C8E29720E7491B00BB9870 /* Controller */ = {
			isa = PBXGroup;
			children = (
				93C8E26720E73FC600BB9870 /* ViewController.swift */,
			);
			path = Controller;
			sourceTree = "<group>";
		};
		93C8E29A20E74A0300BB9870 /* View */ = {
			isa = PBXGroup;
			children = (
				93C8E29820E749FE00BB9870 /* BeerListTableViewCell.swift */,
			);
			path = View;
			sourceTree = "<group>";
		};
		93C8E29D20E74A2600BB9870 /* Model */ = {
			isa = PBXGroup;
			children = (
				93C8E29B20E74A2000BB9870 /* Beer.swift */,
			);
			path = Model;
			sourceTree = "<group>";
		};
		93C8E2A020E74FF700BB9870 /* Service */ = {
			isa = PBXGroup;
			children = (
				93C8E29E20E74FEF00BB9870 /* WebService.swift */,
			);
			path = Service;
			sourceTree = "<group>";
		};
		93C8E2A320E7541900BB9870 /* Utils */ = {
			isa = PBXGroup;
			children = (
				93C8E2A120E7540E00BB9870 /* Theme.swift */,
			);
			path = Utils;
			sourceTree = "<group>";
		};
		A9520DD9352DB1F9694E74B5 /* Frameworks */ = {
			isa = PBXGroup;
			children = (
				E1FC26338421BB063307C660 /* Pods_Crafts_Beer.framework */,
				663DC5DF68F4ED24726CB561 /* libPods-Crafts BeerTests.a */,
				3652504677C243C0C766435D /* libPods-Crafts BeerUITests.a */,
			);
			name = Frameworks;
			sourceTree = "<group>";
		};
		D554F7D120E7986700E06363 /* SortView */ = {
			isa = PBXGroup;
			children = (
				D554F7CF20E7976800E06363 /* SortView.xib */,
				D554F7D220E7988500E06363 /* SortView.swift */,
			);
			path = SortView;
			sourceTree = "<group>";
		};
		D554F7D820E7B74500E06363 /* Filter */ = {
			isa = PBXGroup;
			children = (
				D554F7D420E7B72800E06363 /* FilterView.swift */,
				D554F7D620E7B73A00E06363 /* FilterView.xib */,
				D554F7E020E7DB8A00E06363 /* FilterTableViewCell.swift */,
				D554F7E120E7DB8A00E06363 /* FilterTableViewCell.xib */,
			);
			path = Filter;
			sourceTree = "<group>";
		};
		D554F7DB20E7CA6800E06363 /* Cart */ = {
			isa = PBXGroup;
			children = (
				D554F7DC20E7CA7200E06363 /* Controller */,
			);
			path = Cart;
			sourceTree = "<group>";
		};
		D554F7DC20E7CA7200E06363 /* Controller */ = {
			isa = PBXGroup;
			children = (
				D554F7D920E7CA6400E06363 /* CartViewController.swift */,
			);
			path = Controller;
			sourceTree = "<group>";
		};
		D554F7DD20E7D61A00E06363 /* Delegate */ = {
			isa = PBXGroup;
			children = (
				93C8E26520E73FC600BB9870 /* AppDelegate.swift */,
			);
			path = Delegate;
			sourceTree = "<group>";
		};
/* End PBXGroup section */

/* Begin PBXNativeTarget section */
		93C8E26120E73FC600BB9870 /* Crafts Beer */ = {
			isa = PBXNativeTarget;
			buildConfigurationList = 93C8E28D20E73FC800BB9870 /* Build configuration list for PBXNativeTarget "Crafts Beer" */;
			buildPhases = (
				F36F95049973A5D3AF928231 /* [CP] Check Pods Manifest.lock */,
				93C8E25E20E73FC600BB9870 /* Sources */,
				93C8E25F20E73FC600BB9870 /* Frameworks */,
				93C8E26020E73FC600BB9870 /* Resources */,
				F8EBE2BA4826D6DF76269210 /* [CP] Embed Pods Frameworks */,
			);
			buildRules = (
			);
			dependencies = (
			);
			name = "Crafts Beer";
			productName = "Crafts Beer";
			productReference = 93C8E26220E73FC600BB9870 /* Crafts Beer.app */;
			productType = "com.apple.product-type.application";
		};
		93C8E27820E73FC800BB9870 /* Crafts BeerTests */ = {
			isa = PBXNativeTarget;
			buildConfigurationList = 93C8E29020E73FC800BB9870 /* Build configuration list for PBXNativeTarget "Crafts BeerTests" */;
			buildPhases = (
				4DE37A8D53E085F5E3B9FD74 /* [CP] Check Pods Manifest.lock */,
				93C8E27520E73FC800BB9870 /* Sources */,
				93C8E27620E73FC800BB9870 /* Frameworks */,
				93C8E27720E73FC800BB9870 /* Resources */,
			);
			buildRules = (
			);
			dependencies = (
				93C8E27B20E73FC800BB9870 /* PBXTargetDependency */,
			);
			name = "Crafts BeerTests";
			productName = "Crafts BeerTests";
			productReference = 93C8E27920E73FC800BB9870 /* Crafts BeerTests.xctest */;
			productType = "com.apple.product-type.bundle.unit-test";
		};
		93C8E28320E73FC800BB9870 /* Crafts BeerUITests */ = {
			isa = PBXNativeTarget;
			buildConfigurationList = 93C8E29320E73FC800BB9870 /* Build configuration list for PBXNativeTarget "Crafts BeerUITests" */;
			buildPhases = (
				123CAE93AB6B1C162D6BD454 /* [CP] Check Pods Manifest.lock */,
				93C8E28020E73FC800BB9870 /* Sources */,
				93C8E28120E73FC800BB9870 /* Frameworks */,
				93C8E28220E73FC800BB9870 /* Resources */,
			);
			buildRules = (
			);
			dependencies = (
				93C8E28620E73FC800BB9870 /* PBXTargetDependency */,
			);
			name = "Crafts BeerUITests";
			productName = "Crafts BeerUITests";
			productReference = 93C8E28420E73FC800BB9870 /* Crafts BeerUITests.xctest */;
			productType = "com.apple.product-type.bundle.ui-testing";
		};
/* End PBXNativeTarget section */

/* Begin PBXProject section */
		93C8E25A20E73FC600BB9870 /* Project object */ = {
			isa = PBXProject;
			attributes = {
				LastSwiftUpdateCheck = 0940;
				LastUpgradeCheck = 0940;
				ORGANIZATIONNAME = ThoughtWorks;
				TargetAttributes = {
					93C8E26120E73FC600BB9870 = {
						CreatedOnToolsVersion = 9.4;
					};
					93C8E27820E73FC800BB9870 = {
						CreatedOnToolsVersion = 9.4;
						TestTargetID = 93C8E26120E73FC600BB9870;
					};
					93C8E28320E73FC800BB9870 = {
						CreatedOnToolsVersion = 9.4;
						TestTargetID = 93C8E26120E73FC600BB9870;
					};
				};
			};
			buildConfigurationList = 93C8E25D20E73FC600BB9870 /* Build configuration list for PBXProject "Crafts Beer" */;
			compatibilityVersion = "Xcode 9.3";
			developmentRegion = en;
			hasScannedForEncodings = 0;
			knownRegions = (
				en,
				Base,
			);
			mainGroup = 93C8E25920E73FC600BB9870;
			productRefGroup = 93C8E26320E73FC600BB9870 /* Products */;
			projectDirPath = "";
			projectRoot = "";
			targets = (
				93C8E26120E73FC600BB9870 /* Crafts Beer */,
				93C8E27820E73FC800BB9870 /* Crafts BeerTests */,
				93C8E28320E73FC800BB9870 /* Crafts BeerUITests */,
			);
		};
/* End PBXProject section */

/* Begin PBXResourcesBuildPhase section */
		93C8E26020E73FC600BB9870 /* Resources */ = {
			isa = PBXResourcesBuildPhase;
			buildActionMask = 2147483647;
			files = (
				D554F7D720E7B73A00E06363 /* FilterView.xib in Resources */,
				D554F7E320E7DB8A00E06363 /* FilterTableViewCell.xib in Resources */,
				D554F7D020E7976800E06363 /* SortView.xib in Resources */,
				93C8E27320E73FC800BB9870 /* LaunchScreen.storyboard in Resources */,
				93C8E27020E73FC800BB9870 /* Assets.xcassets in Resources */,
				93C8E26B20E73FC600BB9870 /* Main.storyboard in Resources */,
			);
			runOnlyForDeploymentPostprocessing = 0;
		};
		93C8E27720E73FC800BB9870 /* Resources */ = {
			isa = PBXResourcesBuildPhase;
			buildActionMask = 2147483647;
			files = (
			);
			runOnlyForDeploymentPostprocessing = 0;
		};
		93C8E28220E73FC800BB9870 /* Resources */ = {
			isa = PBXResourcesBuildPhase;
			buildActionMask = 2147483647;
			files = (
			);
			runOnlyForDeploymentPostprocessing = 0;
		};
/* End PBXResourcesBuildPhase section */

/* Begin PBXShellScriptBuildPhase section */
		123CAE93AB6B1C162D6BD454 /* [CP] Check Pods Manifest.lock */ = {
			isa = PBXShellScriptBuildPhase;
			buildActionMask = 2147483647;
			files = (
			);
			inputPaths = (
				"${PODS_PODFILE_DIR_PATH}/Podfile.lock",
				"${PODS_ROOT}/Manifest.lock",
			);
			name = "[CP] Check Pods Manifest.lock";
			outputPaths = (
				"$(DERIVED_FILE_DIR)/Pods-Crafts BeerUITests-checkManifestLockResult.txt",
			);
			runOnlyForDeploymentPostprocessing = 0;
			shellPath = /bin/sh;
			shellScript = "diff \"${PODS_PODFILE_DIR_PATH}/Podfile.lock\" \"${PODS_ROOT}/Manifest.lock\" > /dev/null\nif [ $? != 0 ] ; then\n    # print error to STDERR\n    echo \"error: The sandbox is not in sync with the Podfile.lock. Run 'pod install' or update your CocoaPods installation.\" >&2\n    exit 1\nfi\n# This output is used by Xcode 'outputs' to avoid re-running this script phase.\necho \"SUCCESS\" > \"${SCRIPT_OUTPUT_FILE_0}\"\n";
			showEnvVarsInLog = 0;
		};
		4DE37A8D53E085F5E3B9FD74 /* [CP] Check Pods Manifest.lock */ = {
			isa = PBXShellScriptBuildPhase;
			buildActionMask = 2147483647;
			files = (
			);
			inputPaths = (
				"${PODS_PODFILE_DIR_PATH}/Podfile.lock",
				"${PODS_ROOT}/Manifest.lock",
			);
			name = "[CP] Check Pods Manifest.lock";
			outputPaths = (
				"$(DERIVED_FILE_DIR)/Pods-Crafts BeerTests-checkManifestLockResult.txt",
			);
			runOnlyForDeploymentPostprocessing = 0;
			shellPath = /bin/sh;
			shellScript = "diff \"${PODS_PODFILE_DIR_PATH}/Podfile.lock\" \"${PODS_ROOT}/Manifest.lock\" > /dev/null\nif [ $? != 0 ] ; then\n    # print error to STDERR\n    echo \"error: The sandbox is not in sync with the Podfile.lock. Run 'pod install' or update your CocoaPods installation.\" >&2\n    exit 1\nfi\n# This output is used by Xcode 'outputs' to avoid re-running this script phase.\necho \"SUCCESS\" > \"${SCRIPT_OUTPUT_FILE_0}\"\n";
			showEnvVarsInLog = 0;
		};
		F36F95049973A5D3AF928231 /* [CP] Check Pods Manifest.lock */ = {
			isa = PBXShellScriptBuildPhase;
			buildActionMask = 2147483647;
			files = (
			);
			inputPaths = (
				"${PODS_PODFILE_DIR_PATH}/Podfile.lock",
				"${PODS_ROOT}/Manifest.lock",
			);
			name = "[CP] Check Pods Manifest.lock";
			outputPaths = (
				"$(DERIVED_FILE_DIR)/Pods-Crafts Beer-checkManifestLockResult.txt",
			);
			runOnlyForDeploymentPostprocessing = 0;
			shellPath = /bin/sh;
			shellScript = "diff \"${PODS_PODFILE_DIR_PATH}/Podfile.lock\" \"${PODS_ROOT}/Manifest.lock\" > /dev/null\nif [ $? != 0 ] ; then\n    # print error to STDERR\n    echo \"error: The sandbox is not in sync with the Podfile.lock. Run 'pod install' or update your CocoaPods installation.\" >&2\n    exit 1\nfi\n# This output is used by Xcode 'outputs' to avoid re-running this script phase.\necho \"SUCCESS\" > \"${SCRIPT_OUTPUT_FILE_0}\"\n";
			showEnvVarsInLog = 0;
		};
		F8EBE2BA4826D6DF76269210 /* [CP] Embed Pods Frameworks */ = {
			isa = PBXShellScriptBuildPhase;
			buildActionMask = 2147483647;
			files = (
			);
			inputPaths = (
				"${SRCROOT}/Pods/Target Support Files/Pods-Crafts Beer/Pods-Crafts Beer-frameworks.sh",
				"${BUILT_PRODUCTS_DIR}/NVActivityIndicatorView/NVActivityIndicatorView.framework",
			);
			name = "[CP] Embed Pods Frameworks";
			outputPaths = (
				"${TARGET_BUILD_DIR}/${FRAMEWORKS_FOLDER_PATH}/NVActivityIndicatorView.framework",
			);
			runOnlyForDeploymentPostprocessing = 0;
			shellPath = /bin/sh;
			shellScript = "\"${SRCROOT}/Pods/Target Support Files/Pods-Crafts Beer/Pods-Crafts Beer-frameworks.sh\"\n";
			showEnvVarsInLog = 0;
		};
/* End PBXShellScriptBuildPhase section */

/* Begin PBXSourcesBuildPhase section */
		93C8E25E20E73FC600BB9870 /* Sources */ = {
			isa = PBXSourcesBuildPhase;
			buildActionMask = 2147483647;
			files = (
				93C8E29F20E74FEF00BB9870 /* WebService.swift in Sources */,
				93C8E26820E73FC600BB9870 /* ViewController.swift in Sources */,
				D554F7DA20E7CA6400E06363 /* CartViewController.swift in Sources */,
				93C8E26620E73FC600BB9870 /* AppDelegate.swift in Sources */,
				93C8E29C20E74A2000BB9870 /* Beer.swift in Sources */,
				D554F7D520E7B72800E06363 /* FilterView.swift in Sources */,
				D554F7D320E7988500E06363 /* SortView.swift in Sources */,
				93C8E26E20E73FC600BB9870 /* Crafts_Beer.xcdatamodeld in Sources */,
				D554F7E220E7DB8A00E06363 /* FilterTableViewCell.swift in Sources */,
				93C8E29920E749FE00BB9870 /* BeerListTableViewCell.swift in Sources */,
				93C8E2A220E7540E00BB9870 /* Theme.swift in Sources */,
			);
			runOnlyForDeploymentPostprocessing = 0;
		};
		93C8E27520E73FC800BB9870 /* Sources */ = {
			isa = PBXSourcesBuildPhase;
			buildActionMask = 2147483647;
			files = (
				93C8E27E20E73FC800BB9870 /* Crafts_BeerTests.swift in Sources */,
			);
			runOnlyForDeploymentPostprocessing = 0;
		};
		93C8E28020E73FC800BB9870 /* Sources */ = {
			isa = PBXSourcesBuildPhase;
			buildActionMask = 2147483647;
			files = (
				93C8E28920E73FC800BB9870 /* Crafts_BeerUITests.swift in Sources */,
			);
			runOnlyForDeploymentPostprocessing = 0;
		};
/* End PBXSourcesBuildPhase section */

/* Begin PBXTargetDependency section */
		93C8E27B20E73FC800BB9870 /* PBXTargetDependency */ = {
			isa = PBXTargetDependency;
			target = 93C8E26120E73FC600BB9870 /* Crafts Beer */;
			targetProxy = 93C8E27A20E73FC800BB9870 /* PBXContainerItemProxy */;
		};
		93C8E28620E73FC800BB9870 /* PBXTargetDependency */ = {
			isa = PBXTargetDependency;
			target = 93C8E26120E73FC600BB9870 /* Crafts Beer */;
			targetProxy = 93C8E28520E73FC800BB9870 /* PBXContainerItemProxy */;
		};
/* End PBXTargetDependency section */

/* Begin PBXVariantGroup section */
		93C8E26920E73FC600BB9870 /* Main.storyboard */ = {
			isa = PBXVariantGroup;
			children = (
				93C8E26A20E73FC600BB9870 /* Base */,
			);
			name = Main.storyboard;
			sourceTree = "<group>";
		};
		93C8E27120E73FC800BB9870 /* LaunchScreen.storyboard */ = {
			isa = PBXVariantGroup;
			children = (
				93C8E27220E73FC800BB9870 /* Base */,
			);
			name = LaunchScreen.storyboard;
			sourceTree = "<group>";
		};
/* End PBXVariantGroup section */

/* Begin XCBuildConfiguration section */
		93C8E28B20E73FC800BB9870 /* Debug */ = {
			isa = XCBuildConfiguration;
			buildSettings = {
				ALWAYS_SEARCH_USER_PATHS = NO;
				CLANG_ANALYZER_NONNULL = YES;
				CLANG_ANALYZER_NUMBER_OBJECT_CONVERSION = YES_AGGRESSIVE;
				CLANG_CXX_LANGUAGE_STANDARD = "gnu++14";
				CLANG_CXX_LIBRARY = "libc++";
				CLANG_ENABLE_MODULES = YES;
				CLANG_ENABLE_OBJC_ARC = YES;
				CLANG_ENABLE_OBJC_WEAK = YES;
				CLANG_WARN_BLOCK_CAPTURE_AUTORELEASING = YES;
				CLANG_WARN_BOOL_CONVERSION = YES;
				CLANG_WARN_COMMA = YES;
				CLANG_WARN_CONSTANT_CONVERSION = YES;
				CLANG_WARN_DEPRECATED_OBJC_IMPLEMENTATIONS = YES;
				CLANG_WARN_DIRECT_OBJC_ISA_USAGE = YES_ERROR;
				CLANG_WARN_DOCUMENTATION_COMMENTS = YES;
				CLANG_WARN_EMPTY_BODY = YES;
				CLANG_WARN_ENUM_CONVERSION = YES;
				CLANG_WARN_INFINITE_RECURSION = YES;
				CLANG_WARN_INT_CONVERSION = YES;
				CLANG_WARN_NON_LITERAL_NULL_CONVERSION = YES;
				CLANG_WARN_OBJC_IMPLICIT_RETAIN_SELF = YES;
				CLANG_WARN_OBJC_LITERAL_CONVERSION = YES;
				CLANG_WARN_OBJC_ROOT_CLASS = YES_ERROR;
				CLANG_WARN_RANGE_LOOP_ANALYSIS = YES;
				CLANG_WARN_STRICT_PROTOTYPES = YES;
				CLANG_WARN_SUSPICIOUS_MOVE = YES;
				CLANG_WARN_UNGUARDED_AVAILABILITY = YES_AGGRESSIVE;
				CLANG_WARN_UNREACHABLE_CODE = YES;
				CLANG_WARN__DUPLICATE_METHOD_MATCH = YES;
				CODE_SIGN_IDENTITY = "iPhone Developer";
				COPY_PHASE_STRIP = NO;
				DEBUG_INFORMATION_FORMAT = dwarf;
				ENABLE_STRICT_OBJC_MSGSEND = YES;
				ENABLE_TESTABILITY = YES;
				GCC_C_LANGUAGE_STANDARD = gnu11;
				GCC_DYNAMIC_NO_PIC = NO;
				GCC_NO_COMMON_BLOCKS = YES;
				GCC_OPTIMIZATION_LEVEL = 0;
				GCC_PREPROCESSOR_DEFINITIONS = (
					"DEBUG=1",
					"$(inherited)",
				);
				GCC_WARN_64_TO_32_BIT_CONVERSION = YES;
				GCC_WARN_ABOUT_RETURN_TYPE = YES_ERROR;
				GCC_WARN_UNDECLARED_SELECTOR = YES;
				GCC_WARN_UNINITIALIZED_AUTOS = YES_AGGRESSIVE;
				GCC_WARN_UNUSED_FUNCTION = YES;
				GCC_WARN_UNUSED_VARIABLE = YES;
				IPHONEOS_DEPLOYMENT_TARGET = 11.4;
				MTL_ENABLE_DEBUG_INFO = YES;
				ONLY_ACTIVE_ARCH = YES;
				SDKROOT = iphoneos;
				SWIFT_ACTIVE_COMPILATION_CONDITIONS = DEBUG;
				SWIFT_OPTIMIZATION_LEVEL = "-Onone";
			};
			name = Debug;
		};
		93C8E28C20E73FC800BB9870 /* Release */ = {
			isa = XCBuildConfiguration;
			buildSettings = {
				ALWAYS_SEARCH_USER_PATHS = NO;
				CLANG_ANALYZER_NONNULL = YES;
				CLANG_ANALYZER_NUMBER_OBJECT_CONVERSION = YES_AGGRESSIVE;
				CLANG_CXX_LANGUAGE_STANDARD = "gnu++14";
				CLANG_CXX_LIBRARY = "libc++";
				CLANG_ENABLE_MODULES = YES;
				CLANG_ENABLE_OBJC_ARC = YES;
				CLANG_ENABLE_OBJC_WEAK = YES;
				CLANG_WARN_BLOCK_CAPTURE_AUTORELEASING = YES;
				CLANG_WARN_BOOL_CONVERSION = YES;
				CLANG_WARN_COMMA = YES;
				CLANG_WARN_CONSTANT_CONVERSION = YES;
				CLANG_WARN_DEPRECATED_OBJC_IMPLEMENTATIONS = YES;
				CLANG_WARN_DIRECT_OBJC_ISA_USAGE = YES_ERROR;
				CLANG_WARN_DOCUMENTATION_COMMENTS = YES;
				CLANG_WARN_EMPTY_BODY = YES;
				CLANG_WARN_ENUM_CONVERSION = YES;
				CLANG_WARN_INFINITE_RECURSION = YES;
				CLANG_WARN_INT_CONVERSION = YES;
				CLANG_WARN_NON_LITERAL_NULL_CONVERSION = YES;
				CLANG_WARN_OBJC_IMPLICIT_RETAIN_SELF = YES;
				CLANG_WARN_OBJC_LITERAL_CONVERSION = YES;
				CLANG_WARN_OBJC_ROOT_CLASS = YES_ERROR;
				CLANG_WARN_RANGE_LOOP_ANALYSIS = YES;
				CLANG_WARN_STRICT_PROTOTYPES = YES;
				CLANG_WARN_SUSPICIOUS_MOVE = YES;
				CLANG_WARN_UNGUARDED_AVAILABILITY = YES_AGGRESSIVE;
				CLANG_WARN_UNREACHABLE_CODE = YES;
				CLANG_WARN__DUPLICATE_METHOD_MATCH = YES;
				CODE_SIGN_IDENTITY = "iPhone Developer";
				COPY_PHASE_STRIP = NO;
				DEBUG_INFORMATION_FORMAT = "dwarf-with-dsym";
				ENABLE_NS_ASSERTIONS = NO;
				ENABLE_STRICT_OBJC_MSGSEND = YES;
				GCC_C_LANGUAGE_STANDARD = gnu11;
				GCC_NO_COMMON_BLOCKS = YES;
				GCC_WARN_64_TO_32_BIT_CONVERSION = YES;
				GCC_WARN_ABOUT_RETURN_TYPE = YES_ERROR;
				GCC_WARN_UNDECLARED_SELECTOR = YES;
				GCC_WARN_UNINITIALIZED_AUTOS = YES_AGGRESSIVE;
				GCC_WARN_UNUSED_FUNCTION = YES;
				GCC_WARN_UNUSED_VARIABLE = YES;
				IPHONEOS_DEPLOYMENT_TARGET = 11.4;
				MTL_ENABLE_DEBUG_INFO = NO;
				SDKROOT = iphoneos;
				SWIFT_COMPILATION_MODE = wholemodule;
				SWIFT_OPTIMIZATION_LEVEL = "-O";
				VALIDATE_PRODUCT = YES;
			};
			name = Release;
		};
		93C8E28E20E73FC800BB9870 /* Debug */ = {
			isa = XCBuildConfiguration;
			baseConfigurationReference = 901BE5C50AC7930660817A17 /* Pods-Crafts Beer.debug.xcconfig */;
			buildSettings = {
				ASSETCATALOG_COMPILER_APPICON_NAME = AppIcon;
				CODE_SIGN_STYLE = Manual;
				DEVELOPMENT_TEAM = "";
				INFOPLIST_FILE = "Crafts Beer/Info.plist";
				IPHONEOS_DEPLOYMENT_TARGET = 10.0;
				LD_RUNPATH_SEARCH_PATHS = (
					"$(inherited)",
					"@executable_path/Frameworks",
				);
				PRODUCT_BUNDLE_IDENTIFIER = "com.thoughtWorks..Crafts-Beer";
				PRODUCT_NAME = "$(TARGET_NAME)";
				PROVISIONING_PROFILE_SPECIFIER = "";
				SWIFT_VERSION = 4.0;
				TARGETED_DEVICE_FAMILY = 1;
			};
			name = Debug;
		};
		93C8E28F20E73FC800BB9870 /* Release */ = {
			isa = XCBuildConfiguration;
			baseConfigurationReference = CC881620C61FA81D8F40527A /* Pods-Crafts Beer.release.xcconfig */;
			buildSettings = {
				ASSETCATALOG_COMPILER_APPICON_NAME = AppIcon;
				CODE_SIGN_STYLE = Manual;
				DEVELOPMENT_TEAM = "";
				INFOPLIST_FILE = "Crafts Beer/Info.plist";
				IPHONEOS_DEPLOYMENT_TARGET = 10.0;
				LD_RUNPATH_SEARCH_PATHS = (
					"$(inherited)",
					"@executable_path/Frameworks",
				);
				PRODUCT_BUNDLE_IDENTIFIER = "com.thoughtWorks..Crafts-Beer";
				PRODUCT_NAME = "$(TARGET_NAME)";
				PROVISIONING_PROFILE_SPECIFIER = "";
				SWIFT_VERSION = 4.0;
				TARGETED_DEVICE_FAMILY = 1;
			};
			name = Release;
		};
		93C8E29120E73FC800BB9870 /* Debug */ = {
			isa = XCBuildConfiguration;
			baseConfigurationReference = 29923C3BEC5FE4BA0A5B5B18 /* Pods-Crafts BeerTests.debug.xcconfig */;
			buildSettings = {
				ALWAYS_EMBED_SWIFT_STANDARD_LIBRARIES = YES;
				BUNDLE_LOADER = "$(TEST_HOST)";
				CODE_SIGN_STYLE = Automatic;
				DEVELOPMENT_TEAM = 35ER5MU285;
				INFOPLIST_FILE = "Crafts BeerTests/Info.plist";
				LD_RUNPATH_SEARCH_PATHS = (
					"$(inherited)",
					"@executable_path/Frameworks",
					"@loader_path/Frameworks",
				);
				PRODUCT_BUNDLE_IDENTIFIER = "com.thoughtWorks..Crafts-BeerTests";
				PRODUCT_NAME = "$(TARGET_NAME)";
				SWIFT_VERSION = 4.0;
				TARGETED_DEVICE_FAMILY = "1,2";
				TEST_HOST = "$(BUILT_PRODUCTS_DIR)/Crafts Beer.app/Crafts Beer";
			};
			name = Debug;
		};
		93C8E29220E73FC800BB9870 /* Release */ = {
			isa = XCBuildConfiguration;
			baseConfigurationReference = 15D67F94C8A561607B1DABBB /* Pods-Crafts BeerTests.release.xcconfig */;
			buildSettings = {
				ALWAYS_EMBED_SWIFT_STANDARD_LIBRARIES = YES;
				BUNDLE_LOADER = "$(TEST_HOST)";
				CODE_SIGN_STYLE = Automatic;
				DEVELOPMENT_TEAM = 35ER5MU285;
				INFOPLIST_FILE = "Crafts BeerTests/Info.plist";
				LD_RUNPATH_SEARCH_PATHS = (
					"$(inherited)",
					"@executable_path/Frameworks",
					"@loader_path/Frameworks",
				);
				PRODUCT_BUNDLE_IDENTIFIER = "com.thoughtWorks..Crafts-BeerTests";
				PRODUCT_NAME = "$(TARGET_NAME)";
				SWIFT_VERSION = 4.0;
				TARGETED_DEVICE_FAMILY = "1,2";
				TEST_HOST = "$(BUILT_PRODUCTS_DIR)/Crafts Beer.app/Crafts Beer";
			};
			name = Release;
		};
		93C8E29420E73FC800BB9870 /* Debug */ = {
			isa = XCBuildConfiguration;
			baseConfigurationReference = F5FA283397E353958FCA0333 /* Pods-Crafts BeerUITests.debug.xcconfig */;
			buildSettings = {
				ALWAYS_EMBED_SWIFT_STANDARD_LIBRARIES = YES;
				CODE_SIGN_STYLE = Automatic;
				DEVELOPMENT_TEAM = 35ER5MU285;
				INFOPLIST_FILE = "Crafts BeerUITests/Info.plist";
				LD_RUNPATH_SEARCH_PATHS = (
					"$(inherited)",
					"@executable_path/Frameworks",
					"@loader_path/Frameworks",
				);
				PRODUCT_BUNDLE_IDENTIFIER = "com.thoughtWorks..Crafts-BeerUITests";
				PRODUCT_NAME = "$(TARGET_NAME)";
				SWIFT_VERSION = 4.0;
				TARGETED_DEVICE_FAMILY = "1,2";
				TEST_TARGET_NAME = "Crafts Beer";
			};
			name = Debug;
		};
		93C8E29520E73FC800BB9870 /* Release */ = {
			isa = XCBuildConfiguration;
			baseConfigurationReference = F7AD919F83497CE5AC4FEAAF /* Pods-Crafts BeerUITests.release.xcconfig */;
			buildSettings = {
				ALWAYS_EMBED_SWIFT_STANDARD_LIBRARIES = YES;
				CODE_SIGN_STYLE = Automatic;
				DEVELOPMENT_TEAM = 35ER5MU285;
				INFOPLIST_FILE = "Crafts BeerUITests/Info.plist";
				LD_RUNPATH_SEARCH_PATHS = (
					"$(inherited)",
					"@executable_path/Frameworks",
					"@loader_path/Frameworks",
				);
				PRODUCT_BUNDLE_IDENTIFIER = "com.thoughtWorks..Crafts-BeerUITests";
				PRODUCT_NAME = "$(TARGET_NAME)";
				SWIFT_VERSION = 4.0;
				TARGETED_DEVICE_FAMILY = "1,2";
				TEST_TARGET_NAME = "Crafts Beer";
			};
			name = Release;
		};
/* End XCBuildConfiguration section */

/* Begin XCConfigurationList section */
		93C8E25D20E73FC600BB9870 /* Build configuration list for PBXProject "Crafts Beer" */ = {
			isa = XCConfigurationList;
			buildConfigurations = (
				93C8E28B20E73FC800BB9870 /* Debug */,
				93C8E28C20E73FC800BB9870 /* Release */,
			);
			defaultConfigurationIsVisible = 0;
			defaultConfigurationName = Release;
		};
		93C8E28D20E73FC800BB9870 /* Build configuration list for PBXNativeTarget "Crafts Beer" */ = {
			isa = XCConfigurationList;
			buildConfigurations = (
				93C8E28E20E73FC800BB9870 /* Debug */,
				93C8E28F20E73FC800BB9870 /* Release */,
			);
			defaultConfigurationIsVisible = 0;
			defaultConfigurationName = Release;
		};
		93C8E29020E73FC800BB9870 /* Build configuration list for PBXNativeTarget "Crafts BeerTests" */ = {
			isa = XCConfigurationList;
			buildConfigurations = (
				93C8E29120E73FC800BB9870 /* Debug */,
				93C8E29220E73FC800BB9870 /* Release */,
			);
			defaultConfigurationIsVisible = 0;
			defaultConfigurationName = Release;
		};
		93C8E29320E73FC800BB9870 /* Build configuration list for PBXNativeTarget "Crafts BeerUITests" */ = {
			isa = XCConfigurationList;
			buildConfigurations = (
				93C8E29420E73FC800BB9870 /* Debug */,
				93C8E29520E73FC800BB9870 /* Release */,
			);
			defaultConfigurationIsVisible = 0;
			defaultConfigurationName = Release;
		};
/* End XCConfigurationList section */

/* Begin XCVersionGroup section */
		93C8E26C20E73FC600BB9870 /* Crafts_Beer.xcdatamodeld */ = {
			isa = XCVersionGroup;
			children = (
				93C8E26D20E73FC600BB9870 /* Crafts_Beer.xcdatamodel */,
			);
			currentVersion = 93C8E26D20E73FC600BB9870 /* Crafts_Beer.xcdatamodel */;
			path = Crafts_Beer.xcdatamodeld;
			sourceTree = "<group>";
			versionGroupType = wrapper.xcdatamodel;
		};
/* End XCVersionGroup section */
	};
	rootObject = 93C8E25A20E73FC600BB9870 /* Project object */;
}
